
Microsoft Visual Studio Solution File, Format Version 12.00
# Visual Studio Version 17
VisualStudioVersion = 17.9.34622.214
MinimumVisualStudioVersion = 10.0.40219.1
Project("{8BC9CEB8-8B4A-11D0-8D11-00A0C91BC942}") = "ioFile", "ioFile\ioFile.vcxproj", "{207F8BC9-BA12-4557-9D26-CBC948C70732}"
EndProject
Project("{8BC9CEB8-8B4A-11D0-8D11-00A0C91BC942}") = "ioFileWithPatch", "ioFileWithPatch\ioFileWithPatch.vcxproj", "{CBF75815-7134-4E4A-BEEF-FD81BAC5D483}"
EndProject
Project("{8BC9CEB8-8B4A-11D0-8D11-00A0C91BC942}") = "exceptionStandard", "exceptionStandard\exceptionStandard.vcxproj", "{BF6F078C-37A3-4CDB-A665-F01B9F665E5D}"
EndProject
Project("{8BC9CEB8-8B4A-11D0-8D11-00A0C91BC942}") = "manualExeption", "manualExeption\manualExeption.vcxproj", "{97D4EE18-13ED-45E2-A4C0-3FBD0C53D8C1}"
EndProject
Global
	GlobalSection(SolutionConfigurationPlatforms) = preSolution
		Debug|x64 = Debug|x64
		Debug|x86 = Debug|x86
		Release|x64 = Release|x64
		Release|x86 = Release|x86
	EndGlobalSection
	GlobalSection(ProjectConfigurationPlatforms) = postSolution
		{207F8BC9-BA12-4557-9D26-CBC948C70732}.Debug|x64.ActiveCfg = Debug|x64
		{207F8BC9-BA12-4557-9D26-CBC948C70732}.Debug|x64.Build.0 = Debug|x64
		{207F8BC9-BA12-4557-9D26-CBC948C70732}.Debug|x86.ActiveCfg = Debug|Win32
		{207F8BC9-BA12-4557-9D26-CBC948C70732}.Debug|x86.Build.0 = Debug|Win32
		{207F8BC9-BA12-4557-9D26-CBC948C70732}.Release|x64.ActiveCfg = Release|x64
		{207F8BC9-BA12-4557-9D26-CBC948C70732}.Release|x64.Build.0 = Release|x64
		{207F8BC9-BA12-4557-9D26-CBC948C70732}.Release|x86.ActiveCfg = Release|Win32
		{207F8BC9-BA12-4557-9D26-CBC948C70732}.Release|x86.Build.0 = Release|Win32
		{CBF75815-7134-4E4A-BEEF-FD81BAC5D483}.Debug|x64.ActiveCfg = Debug|x64
		{CBF75815-7134-4E4A-BEEF-FD81BAC5D483}.Debug|x64.Build.0 = Debug|x64
		{CBF75815-7134-4E4A-BEEF-FD81BAC5D483}.Debug|x86.ActiveCfg = Debug|Win32
		{CBF75815-7134-4E4A-BEEF-FD81BAC5D483}.Debug|x86.Build.0 = Debug|Win32
		{CBF75815-7134-4E4A-BEEF-FD81BAC5D483}.Release|x64.ActiveCfg = Release|x64
		{CBF75815-7134-4E4A-BEEF-FD81BAC5D483}.Release|x64.Build.0 = Release|x64
		{CBF75815-7134-4E4A-BEEF-FD81BAC5D483}.Release|x86.ActiveCfg = Release|Win32
		{CBF75815-7134-4E4A-BEEF-FD81BAC5D483}.Release|x86.Build.0 = Release|Win32
		{BF6F078C-37A3-4CDB-A665-F01B9F665E5D}.Debug|x64.ActiveCfg = Debug|x64
		{BF6F078C-37A3-4CDB-A665-F01B9F665E5D}.Debug|x64.Build.0 = Debug|x64
		{BF6F078C-37A3-4CDB-A665-F01B9F665E5D}.Debug|x86.ActiveCfg = Debug|Win32
		{BF6F078C-37A3-4CDB-A665-F01B9F665E5D}.Debug|x86.Build.0 = Debug|Win32
		{BF6F078C-37A3-4CDB-A665-F01B9F665E5D}.Release|x64.ActiveCfg = Release|x64
		{BF6F078C-37A3-4CDB-A665-F01B9F665E5D}.Release|x64.Build.0 = Release|x64
		{BF6F078C-37A3-4CDB-A665-F01B9F665E5D}.Release|x86.ActiveCfg = Release|Win32
		{BF6F078C-37A3-4CDB-A665-F01B9F665E5D}.Release|x86.Build.0 = Release|Win32
		{97D4EE18-13ED-45E2-A4C0-3FBD0C53D8C1}.Debug|x64.ActiveCfg = Debug|x64
		{97D4EE18-13ED-45E2-A4C0-3FBD0C53D8C1}.Debug|x64.Build.0 = Debug|x64
		{97D4EE18-13ED-45E2-A4C0-3FBD0C53D8C1}.Debug|x86.ActiveCfg = Debug|Win32
		{97D4EE18-13ED-45E2-A4C0-3FBD0C53D8C1}.Debug|x86.Build.0 = Debug|Win32
		{97D4EE18-13ED-45E2-A4C0-3FBD0C53D8C1}.Release|x64.ActiveCfg = Release|x64
		{97D4EE18-13ED-45E2-A4C0-3FBD0C53D8C1}.Release|x64.Build.0 = Release|x64
		{97D4EE18-13ED-45E2-A4C0-3FBD0C53D8C1}.Release|x86.ActiveCfg = Release|Win32
		{97D4EE18-13ED-45E2-A4C0-3FBD0C53D8C1}.Release|x86.Build.0 = Release|Win32
	EndGlobalSection
	GlobalSection(SolutionProperties) = preSolution
		HideSolutionNode = FALSE
	EndGlobalSection
	GlobalSection(ExtensibilityGlobals) = postSolution
		SolutionGuid = {A9D92F18-E741-4E49-9E20-D0E775E23271}
	EndGlobalSection
EndGlobal
